
Microsoft Visual Studio Solution File, Format Version 12.00
# Visual Studio Version 16
VisualStudioVersion = 16.0.32106.194
MinimumVisualStudioVersion = 10.0.40219.1
Project("{FAE04EC0-301F-11D3-BF4B-00C04F79EFBC}") = "BanckWPF", "BanckWPF\BanckWPF.csproj", "{0B5EA0A5-D326-49EB-A224-E57AA1B16924}"
EndProject
Project("{FAE04EC0-301F-11D3-BF4B-00C04F79EFBC}") = "BIZ", "BIZ\BIZ.csproj", "{4CC3F786-F4C3-4CC4-9BE5-55CB72635F09}"
EndProject
Project("{FAE04EC0-301F-11D3-BF4B-00C04F79EFBC}") = "DAL", "DAL\DAL.csproj", "{EDE84B94-5927-43B7-94BD-09C07E31E440}"
EndProject
Global
	GlobalSection(SolutionConfigurationPlatforms) = preSolution
		Debug|Any CPU = Debug|Any CPU
		Release|Any CPU = Release|Any CPU
	EndGlobalSection
	GlobalSection(ProjectConfigurationPlatforms) = postSolution
		{0B5EA0A5-D326-49EB-A224-E57AA1B16924}.Debug|Any CPU.ActiveCfg = Debug|Any CPU
		{0B5EA0A5-D326-49EB-A224-E57AA1B16924}.Debug|Any CPU.Build.0 = Debug|Any CPU
		{0B5EA0A5-D326-49EB-A224-E57AA1B16924}.Release|Any CPU.ActiveCfg = Release|Any CPU
		{0B5EA0A5-D326-49EB-A224-E57AA1B16924}.Release|Any CPU.Build.0 = Release|Any CPU
		{4CC3F786-F4C3-4CC4-9BE5-55CB72635F09}.Debug|Any CPU.ActiveCfg = Debug|Any CPU
		{4CC3F786-F4C3-4CC4-9BE5-55CB72635F09}.Debug|Any CPU.Build.0 = Debug|Any CPU
		{4CC3F786-F4C3-4CC4-9BE5-55CB72635F09}.Release|Any CPU.ActiveCfg = Release|Any CPU
		{4CC3F786-F4C3-4CC4-9BE5-55CB72635F09}.Release|Any CPU.Build.0 = Release|Any CPU
		{EDE84B94-5927-43B7-94BD-09C07E31E440}.Debug|Any CPU.ActiveCfg = Debug|Any CPU
		{EDE84B94-5927-43B7-94BD-09C07E31E440}.Debug|Any CPU.Build.0 = Debug|Any CPU
		{EDE84B94-5927-43B7-94BD-09C07E31E440}.Release|Any CPU.ActiveCfg = Release|Any CPU
		{EDE84B94-5927-43B7-94BD-09C07E31E440}.Release|Any CPU.Build.0 = Release|Any CPU
	EndGlobalSection
	GlobalSection(SolutionProperties) = preSolution
		HideSolutionNode = FALSE
	EndGlobalSection
	GlobalSection(ExtensibilityGlobals) = postSolution
		SolutionGuid = {99BA132D-C8D7-483F-81ED-74406D31FF1F}
	EndGlobalSection
EndGlobal
